
Microsoft Visual Studio Solution File, Format Version 12.00
# Visual Studio 2013
VisualStudioVersion = 12.0.30219.0
MinimumVisualStudioVersion = 10.0.40219.1
Project("{FAE04EC0-301F-11D3-BF4B-00C04F79EFBC}") = "FurnitureFabric", "FurnitureFabric\FurnitureFabric.csproj", "{924AB1F4-AADD-4FB8-A62A-98EB8D2840D1}"
EndProject
Project("{FAE04EC0-301F-11D3-BF4B-00C04F79EFBC}") = "Data", "Data\Data.csproj", "{13F4DE67-1452-4451-AAA0-E92AEE9E704D}"
EndProject
Project("{FAE04EC0-301F-11D3-BF4B-00C04F79EFBC}") = "Business", "Bussines\Business.csproj", "{90969F5F-855E-4489-8403-5CA070E8ABE3}"
EndProject
Project("{FAE04EC0-301F-11D3-BF4B-00C04F79EFBC}") = "Domain", "Domain\Domain.csproj", "{5912FD31-034D-4D97-AB3E-30BA93A8AD89}"
EndProject
Project("{FAE04EC0-301F-11D3-BF4B-00C04F79EFBC}") = "ImportTools", "ImportTools\ImportTools.csproj", "{00AE18A1-C077-492C-A71B-5523A721654F}"
EndProject
Global
	GlobalSection(SolutionConfigurationPlatforms) = preSolution
		Debug|Any CPU = Debug|Any CPU
		Release|Any CPU = Release|Any CPU
	EndGlobalSection
	GlobalSection(ProjectConfigurationPlatforms) = postSolution
		{924AB1F4-AADD-4FB8-A62A-98EB8D2840D1}.Debug|Any CPU.ActiveCfg = Debug|Any CPU
		{924AB1F4-AADD-4FB8-A62A-98EB8D2840D1}.Debug|Any CPU.Build.0 = Debug|Any CPU
		{924AB1F4-AADD-4FB8-A62A-98EB8D2840D1}.Release|Any CPU.ActiveCfg = Release|Any CPU
		{924AB1F4-AADD-4FB8-A62A-98EB8D2840D1}.Release|Any CPU.Build.0 = Release|Any CPU
		{13F4DE67-1452-4451-AAA0-E92AEE9E704D}.Debug|Any CPU.ActiveCfg = Debug|Any CPU
		{13F4DE67-1452-4451-AAA0-E92AEE9E704D}.Debug|Any CPU.Build.0 = Debug|Any CPU
		{13F4DE67-1452-4451-AAA0-E92AEE9E704D}.Release|Any CPU.ActiveCfg = Release|Any CPU
		{13F4DE67-1452-4451-AAA0-E92AEE9E704D}.Release|Any CPU.Build.0 = Release|Any CPU
		{90969F5F-855E-4489-8403-5CA070E8ABE3}.Debug|Any CPU.ActiveCfg = Debug|Any CPU
		{90969F5F-855E-4489-8403-5CA070E8ABE3}.Debug|Any CPU.Build.0 = Debug|Any CPU
		{90969F5F-855E-4489-8403-5CA070E8ABE3}.Release|Any CPU.ActiveCfg = Release|Any CPU
		{90969F5F-855E-4489-8403-5CA070E8ABE3}.Release|Any CPU.Build.0 = Release|Any CPU
		{5912FD31-034D-4D97-AB3E-30BA93A8AD89}.Debug|Any CPU.ActiveCfg = Debug|Any CPU
		{5912FD31-034D-4D97-AB3E-30BA93A8AD89}.Debug|Any CPU.Build.0 = Debug|Any CPU
		{5912FD31-034D-4D97-AB3E-30BA93A8AD89}.Release|Any CPU.ActiveCfg = Release|Any CPU
		{5912FD31-034D-4D97-AB3E-30BA93A8AD89}.Release|Any CPU.Build.0 = Release|Any CPU
		{00AE18A1-C077-492C-A71B-5523A721654F}.Debug|Any CPU.ActiveCfg = Debug|Any CPU
		{00AE18A1-C077-492C-A71B-5523A721654F}.Debug|Any CPU.Build.0 = Debug|Any CPU
		{00AE18A1-C077-492C-A71B-5523A721654F}.Release|Any CPU.ActiveCfg = Release|Any CPU
		{00AE18A1-C077-492C-A71B-5523A721654F}.Release|Any CPU.Build.0 = Release|Any CPU
	EndGlobalSection
	GlobalSection(SolutionProperties) = preSolution
		HideSolutionNode = FALSE
	EndGlobalSection
EndGlobal
